
Microsoft Visual Studio Solution File, Format Version 12.00
# Visual Studio Version 16
VisualStudioVersion = 16.0.31313.79
MinimumVisualStudioVersion = 10.0.40219.1
Project("{FAE04EC0-301F-11D3-BF4B-00C04F79EFBC}") = "MILLIMETER_DESIGN", "MILLIMETER_DESIGN\MILLIMETER_DESIGN.csproj", "{32019906-EB40-46E2-AD10-8A03A9D4FC16}"
EndProject
Global
	GlobalSection(SolutionConfigurationPlatforms) = preSolution
		Debug|Any CPU = Debug|Any CPU
		Release|Any CPU = Release|Any CPU
	EndGlobalSection
	GlobalSection(ProjectConfigurationPlatforms) = postSolution
		{32019906-EB40-46E2-AD10-8A03A9D4FC16}.Debug|Any CPU.ActiveCfg = Debug|Any CPU
		{32019906-EB40-46E2-AD10-8A03A9D4FC16}.Debug|Any CPU.Build.0 = Debug|Any CPU
		{32019906-EB40-46E2-AD10-8A03A9D4FC16}.Release|Any CPU.ActiveCfg = Release|Any CPU
		{32019906-EB40-46E2-AD10-8A03A9D4FC16}.Release|Any CPU.Build.0 = Release|Any CPU
	EndGlobalSection
	GlobalSection(SolutionProperties) = preSolution
		HideSolutionNode = FALSE
	EndGlobalSection
	GlobalSection(ExtensibilityGlobals) = postSolution
		SolutionGuid = {70D7347D-EEE4-4FF5-B083-56811915FBD8}
	EndGlobalSection
EndGlobal
